Microsoft Visual Studio Solution File, Format Version 12.00
# Visual Studio Version 17
VisualStudioVersion = 17.5.2.0
MinimumVisualStudioVersion = 10.0.40219.1
Project("{FAE04EC0-301F-11D3-BF4B-00C04F79EFBC}") = "SantanderHackerNews", "SantanderHackerNews.csproj", "{8080EB47-B881-014E-269A-7E74C1EB837B}"
EndProject
Global
	GlobalSection(SolutionConfigurationPlatforms) = preSolution
		Debug|Any CPU = Debug|Any CPU
		Release|Any CPU = Release|Any CPU
	EndGlobalSection
	GlobalSection(ProjectConfigurationPlatforms) = postSolution
		{8080EB47-B881-014E-269A-7E74C1EB837B}.Debug|Any CPU.ActiveCfg = Debug|Any CPU
		{8080EB47-B881-014E-269A-7E74C1EB837B}.Debug|Any CPU.Build.0 = Debug|Any CPU
		{8080EB47-B881-014E-269A-7E74C1EB837B}.Release|Any CPU.ActiveCfg = Release|Any CPU
		{8080EB47-B881-014E-269A-7E74C1EB837B}.Release|Any CPU.Build.0 = Release|Any CPU
	EndGlobalSection
	GlobalSection(SolutionProperties) = preSolution
		HideSolutionNode = FALSE
	EndGlobalSection
	GlobalSection(ExtensibilityGlobals) = postSolution
		SolutionGuid = {59B534AD-1FF2-45B1-A648-5C7FC5E53133}
	EndGlobalSection
EndGlobal
